// !$*UTF8*$!
{
	archiveVersion = 1;
	classes = {
	};
	objectVersion = 55;
	objects = {

/* Begin PBXBuildFile section */
		8C2DD20C28CC628100B90098 /* SQLite in Frameworks */ = {isa = PBXBuildFile; productRef = 8C2DD20B28CC628100B90098 /* SQLite */; };
		8C2DD20E28CC68F900B90098 /* SQLiteDatabase.swift in Sources */ = {isa = PBXBuildFile; fileRef = 8C2DD20D28CC68F900B90098 /* SQLiteDatabase.swift */; };
		8C43A5CB28CC61AB00B41E42 /* AppDelegate.swift in Sources */ = {isa = PBXBuildFile; fileRef = 8C43A5CA28CC61AB00B41E42 /* AppDelegate.swift */; };
		8C43A5CD28CC61AB00B41E42 /* SceneDelegate.swift in Sources */ = {isa = PBXBuildFile; fileRef = 8C43A5CC28CC61AB00B41E42 /* SceneDelegate.swift */; };
		8C43A5CF28CC61AB00B41E42 /* ViewController.swift in Sources */ = {isa = PBXBuildFile; fileRef = 8C43A5CE28CC61AB00B41E42 /* ViewController.swift */; };
		8C43A5D228CC61AB00B41E42 /* Main.storyboard in Resources */ = {isa = PBXBuildFile; fileRef = 8C43A5D028CC61AB00B41E42 /* Main.storyboard */; };
		8C43A5D428CC61AD00B41E42 /* Assets.xcassets in Resources */ = {isa = PBXBuildFile; fileRef = 8C43A5D328CC61AD00B41E42 /* Assets.xcassets */; };
		8C43A5D728CC61AD00B41E42 /* LaunchScreen.storyboard in Resources */ = {isa = PBXBuildFile; fileRef = 8C43A5D528CC61AD00B41E42 /* LaunchScreen.storyboard */; };
		8C8C29AF28CD9C95009425CD /* ContactScreenTableViewCell.swift in Sources */ = {isa = PBXBuildFile; fileRef = 8C8C29AE28CD9C95009425CD /* ContactScreenTableViewCell.swift */; };
		8C8C29B128CEED16009425CD /* ContactScreenViewModel.swift in Sources */ = {isa = PBXBuildFile; fileRef = 8C8C29B028CEED16009425CD /* ContactScreenViewModel.swift */; };
		8C8C29B328CEEED8009425CD /* ContactScreenTableViewController.swift in Sources */ = {isa = PBXBuildFile; fileRef = 8C8C29B228CEEED8009425CD /* ContactScreenTableViewController.swift */; };
		8CBD3A4728CCEDBE008510FA /* Contacts.swift in Sources */ = {isa = PBXBuildFile; fileRef = 8CBD3A4628CCEDBE008510FA /* Contacts.swift */; };
		8CBD3A4A28CCF137008510FA /* UIViewImage.swift in Sources */ = {isa = PBXBuildFile; fileRef = 8CBD3A4928CCF137008510FA /* UIViewImage.swift */; };
		8CBD3A4C28CCF26B008510FA /* UIViewController.swift in Sources */ = {isa = PBXBuildFile; fileRef = 8CBD3A4B28CCF26B008510FA /* UIViewController.swift */; };
		8CBD3A4F28CCF4DB008510FA /* SQLiteCommands.swift in Sources */ = {isa = PBXBuildFile; fileRef = 8CBD3A4E28CCF4DB008510FA /* SQLiteCommands.swift */; };
		8CBD3A5228CD0776008510FA /* NewContactViewModel.swift in Sources */ = {isa = PBXBuildFile; fileRef = 8CBD3A5128CD0776008510FA /* NewContactViewModel.swift */; };
		8CBD3A5428CD0DCF008510FA /* NewContactViewController.swift in Sources */ = {isa = PBXBuildFile; fileRef = 8CBD3A5328CD0DCF008510FA /* NewContactViewController.swift */; };
/* End PBXBuildFile section */

/* Begin PBXFileReference section */
		8C2DD20D28CC68F900B90098 /* SQLiteDatabase.swift */ = {isa = PBXFileReference; lastKnownFileType = sourcecode.swift; path = SQLiteDatabase.swift; sourceTree = "<group>"; };
		8C43A5C728CC61AB00B41E42 /* SQLiteExamplee.app */ = {isa = PBXFileReference; explicitFileType = wrapper.application; includeInIndex = 0; path = SQLiteExamplee.app; sourceTree = BUILT_PRODUCTS_DIR; };
		8C43A5CA28CC61AB00B41E42 /* AppDelegate.swift */ = {isa = PBXFileReference; lastKnownFileType = sourcecode.swift; path = AppDelegate.swift; sourceTree = "<group>"; };
		8C43A5CC28CC61AB00B41E42 /* SceneDelegate.swift */ = {isa = PBXFileReference; lastKnownFileType = sourcecode.swift; path = SceneDelegate.swift; sourceTree = "<group>"; };
		8C43A5CE28CC61AB00B41E42 /* ViewController.swift */ = {isa = PBXFileReference; lastKnownFileType = sourcecode.swift; path = ViewController.swift; sourceTree = "<group>"; };
		8C43A5D128CC61AB00B41E42 /* Base */ = {isa = PBXFileReference; lastKnownFileType = file.storyboard; name = Base; path = Base.lproj/Main.storyboard; sourceTree = "<group>"; };
		8C43A5D328CC61AD00B41E42 /* Assets.xcassets */ = {isa = PBXFileReference; lastKnownFileType = folder.assetcatalog; path = Assets.xcassets; sourceTree = "<group>"; };
		8C43A5D628CC61AD00B41E42 /* Base */ = {isa = PBXFileReference; lastKnownFileType = file.storyboard; name = Base; path = Base.lproj/LaunchScreen.storyboard; sourceTree = "<group>"; };
		8C43A5D828CC61AD00B41E42 /* Info.plist */ = {isa = PBXFileReference; lastKnownFileType = text.plist.xml; path = Info.plist; sourceTree = "<group>"; };
		8C8C29AE28CD9C95009425CD /* ContactScreenTableViewCell.swift */ = {isa = PBXFileReference; lastKnownFileType = sourcecode.swift; path = ContactScreenTableViewCell.swift; sourceTree = "<group>"; };
		8C8C29B028CEED16009425CD /* ContactScreenViewModel.swift */ = {isa = PBXFileReference; lastKnownFileType = sourcecode.swift; path = ContactScreenViewModel.swift; sourceTree = "<group>"; };
		8C8C29B228CEEED8009425CD /* ContactScreenTableViewController.swift */ = {isa = PBXFileReference; lastKnownFileType = sourcecode.swift; path = ContactScreenTableViewController.swift; sourceTree = "<group>"; };
		8CBD3A4628CCEDBE008510FA /* Contacts.swift */ = {isa = PBXFileReference; lastKnownFileType = sourcecode.swift; path = Contacts.swift; sourceTree = "<group>"; };
		8CBD3A4928CCF137008510FA /* UIViewImage.swift */ = {isa = PBXFileReference; lastKnownFileType = sourcecode.swift; path = UIViewImage.swift; sourceTree = "<group>"; };
		8CBD3A4B28CCF26B008510FA /* UIViewController.swift */ = {isa = PBXFileReference; lastKnownFileType = sourcecode.swift; path = UIViewController.swift; sourceTree = "<group>"; };
		8CBD3A4E28CCF4DB008510FA /* SQLiteCommands.swift */ = {isa = PBXFileReference; lastKnownFileType = sourcecode.swift; path = SQLiteCommands.swift; sourceTree = "<group>"; };
		8CBD3A5128CD0776008510FA /* NewContactViewModel.swift */ = {isa = PBXFileReference; lastKnownFileType = sourcecode.swift; path = NewContactViewModel.swift; sourceTree = "<group>"; };
		8CBD3A5328CD0DCF008510FA /* NewContactViewController.swift */ = {isa = PBXFileReference; lastKnownFileType = sourcecode.swift; path = NewContactViewController.swift; sourceTree = "<group>"; };
/* End PBXFileReference section */

/* Begin PBXFrameworksBuildPhase section */
		8C43A5C428CC61AB00B41E42 /* Frameworks */ = {
			isa = PBXFrameworksBuildPhase;
			buildActionMask = 2147483647;
			files = (
				8C2DD20C28CC628100B90098 /* SQLite in Frameworks */,
			);
			runOnlyForDeploymentPostprocessing = 0;
		};
/* End PBXFrameworksBuildPhase section */

/* Begin PBXGroup section */
		8C43A5BE28CC61AB00B41E42 = {
			isa = PBXGroup;
			children = (
				8C43A5C928CC61AB00B41E42 /* SQLiteExamplee */,
				8C43A5C828CC61AB00B41E42 /* Products */,
			);
			sourceTree = "<group>";
		};
		8C43A5C828CC61AB00B41E42 /* Products */ = {
			isa = PBXGroup;
			children = (
				8C43A5C728CC61AB00B41E42 /* SQLiteExamplee.app */,
			);
			name = Products;
			sourceTree = "<group>";
		};
		8C43A5C928CC61AB00B41E42 /* SQLiteExamplee */ = {
			isa = PBXGroup;
			children = (
				8CF558E128D014DF00F643BB /* View */,
				8CF558E028D014C800F643BB /* Controller */,
				8CBD3A5028CD075D008510FA /* NewContactViewModel */,
				8CBD3A4D28CCF4AA008510FA /* SQLiteDatabaseSource */,
				8CBD3A4528CCEDA5008510FA /* Contacts */,
				8C43A5CA28CC61AB00B41E42 /* AppDelegate.swift */,
				8C43A5CC28CC61AB00B41E42 /* SceneDelegate.swift */,
				8C43A5CE28CC61AB00B41E42 /* ViewController.swift */,
				8C43A5D328CC61AD00B41E42 /* Assets.xcassets */,
				8CBD3A4828CCF111008510FA /* Extenstions */,
				8C43A5D528CC61AD00B41E42 /* LaunchScreen.storyboard */,
				8C43A5D828CC61AD00B41E42 /* Info.plist */,
			);
			path = SQLiteExamplee;
			sourceTree = "<group>";
		};
		8CBD3A4528CCEDA5008510FA /* Contacts */ = {
			isa = PBXGroup;
			children = (
				8CBD3A4628CCEDBE008510FA /* Contacts.swift */,
			);
			path = Contacts;
			sourceTree = "<group>";
		};
		8CBD3A4828CCF111008510FA /* Extenstions */ = {
			isa = PBXGroup;
			children = (
				8CBD3A4928CCF137008510FA /* UIViewImage.swift */,
				8CBD3A4B28CCF26B008510FA /* UIViewController.swift */,
			);
			path = Extenstions;
			sourceTree = "<group>";
		};
		8CBD3A4D28CCF4AA008510FA /* SQLiteDatabaseSource */ = {
			isa = PBXGroup;
			children = (
				8C2DD20D28CC68F900B90098 /* SQLiteDatabase.swift */,
				8CBD3A4E28CCF4DB008510FA /* SQLiteCommands.swift */,
			);
			path = SQLiteDatabaseSource;
			sourceTree = "<group>";
		};
		8CBD3A5028CD075D008510FA /* NewContactViewModel */ = {
			isa = PBXGroup;
			children = (
				8CBD3A5128CD0776008510FA /* NewContactViewModel.swift */,
				8C8C29B028CEED16009425CD /* ContactScreenViewModel.swift */,
			);
			path = NewContactViewModel;
			sourceTree = "<group>";
		};
		8CF558E028D014C800F643BB /* Controller */ = {
			isa = PBXGroup;
			children = (
				8C8C29B228CEEED8009425CD /* ContactScreenTableViewController.swift */,
				8CBD3A5328CD0DCF008510FA /* NewContactViewController.swift */,
			);
			path = Controller;
			sourceTree = "<group>";
		};
		8CF558E128D014DF00F643BB /* View */ = {
			isa = PBXGroup;
			children = (
				8C43A5D028CC61AB00B41E42 /* Main.storyboard */,
				8C8C29AE28CD9C95009425CD /* ContactScreenTableViewCell.swift */,
			);
			path = View;
			sourceTree = "<group>";
		};
/* End PBXGroup section */

/* Begin PBXNativeTarget section */
		8C43A5C628CC61AB00B41E42 /* SQLiteExamplee */ = {
			isa = PBXNativeTarget;
			buildConfigurationList = 8C43A5DB28CC61AD00B41E42 /* Build configuration list for PBXNativeTarget "SQLiteExamplee" */;
			buildPhases = (
				8C43A5C328CC61AB00B41E42 /* Sources */,
				8C43A5C428CC61AB00B41E42 /* Frameworks */,
				8C43A5C528CC61AB00B41E42 /* Resources */,
			);
			buildRules = (
			);
			dependencies = (
			);
			name = SQLiteExamplee;
			packageProductDependencies = (
				8C2DD20B28CC628100B90098 /* SQLite */,
			);
			productName = SQLiteExamplee;
			productReference = 8C43A5C728CC61AB00B41E42 /* SQLiteExamplee.app */;
			productType = "com.apple.product-type.application";
		};
/* End PBXNativeTarget section */

/* Begin PBXProject section */
		8C43A5BF28CC61AB00B41E42 /* Project object */ = {
			isa = PBXProject;
			attributes = {
				BuildIndependentTargetsInParallel = 1;
				LastSwiftUpdateCheck = 1340;
				LastUpgradeCheck = 1340;
				TargetAttributes = {
					8C43A5C628CC61AB00B41E42 = {
						CreatedOnToolsVersion = 13.4.1;
					};
				};
			};
			buildConfigurationList = 8C43A5C228CC61AB00B41E42 /* Build configuration list for PBXProject "SQLiteExamplee" */;
			compatibilityVersion = "Xcode 13.0";
			developmentRegion = en;
			hasScannedForEncodings = 0;
			knownRegions = (
				en,
				Base,
			);
			mainGroup = 8C43A5BE28CC61AB00B41E42;
			packageReferences = (
				8C2DD20A28CC628100B90098 /* XCRemoteSwiftPackageReference "SQLite.swift" */,
			);
			productRefGroup = 8C43A5C828CC61AB00B41E42 /* Products */;
			projectDirPath = "";
			projectRoot = "";
			targets = (
				8C43A5C628CC61AB00B41E42 /* SQLiteExamplee */,
			);
		};
/* End PBXProject section */

/* Begin PBXResourcesBuildPhase section */
		8C43A5C528CC61AB00B41E42 /* Resources */ = {
			isa = PBXResourcesBuildPhase;
			buildActionMask = 2147483647;
			files = (
				8C43A5D728CC61AD00B41E42 /* LaunchScreen.storyboard in Resources */,
				8C43A5D428CC61AD00B41E42 /* Assets.xcassets in Resources */,
				8C43A5D228CC61AB00B41E42 /* Main.storyboard in Resources */,
			);
			runOnlyForDeploymentPostprocessing = 0;
		};
/* End PBXResourcesBuildPhase section */

/* Begin PBXSourcesBuildPhase section */
		8C43A5C328CC61AB00B41E42 /* Sources */ = {
			isa = PBXSourcesBuildPhase;
			buildActionMask = 2147483647;
			files = (
				8CBD3A5228CD0776008510FA /* NewContactViewModel.swift in Sources */,
				8CBD3A4C28CCF26B008510FA /* UIViewController.swift in Sources */,
				8CBD3A4A28CCF137008510FA /* UIViewImage.swift in Sources */,
				8C8C29AF28CD9C95009425CD /* ContactScreenTableViewCell.swift in Sources */,
				8C43A5CF28CC61AB00B41E42 /* ViewController.swift in Sources */,
				8CBD3A4F28CCF4DB008510FA /* SQLiteCommands.swift in Sources */,
				8C43A5CB28CC61AB00B41E42 /* AppDelegate.swift in Sources */,
				8C8C29B128CEED16009425CD /* ContactScreenViewModel.swift in Sources */,
				8CBD3A5428CD0DCF008510FA /* NewContactViewController.swift in Sources */,
				8C2DD20E28CC68F900B90098 /* SQLiteDatabase.swift in Sources */,
				8C8C29B328CEEED8009425CD /* ContactScreenTableViewController.swift in Sources */,
				8C43A5CD28CC61AB00B41E42 /* SceneDelegate.swift in Sources */,
				8CBD3A4728CCEDBE008510FA /* Contacts.swift in Sources */,
			);
			runOnlyForDeploymentPostprocessing = 0;
		};
/* End PBXSourcesBuildPhase section */

/* Begin PBXVariantGroup section */
		8C43A5D028CC61AB00B41E42 /* Main.storyboard */ = {
			isa = PBXVariantGroup;
			children = (
				8C43A5D128CC61AB00B41E42 /* Base */,
			);
			name = Main.storyboard;
			sourceTree = "<group>";
		};
		8C43A5D528CC61AD00B41E42 /* LaunchScreen.storyboard */ = {
			isa = PBXVariantGroup;
			children = (
				8C43A5D628CC61AD00B41E42 /* Base */,
			);
			name = LaunchScreen.storyboard;
			sourceTree = "<group>";
		};
/* End PBXVariantGroup section */

/* Begin XCBuildConfiguration section */
		8C43A5D928CC61AD00B41E42 /* Debug */ = {
			isa = XCBuildConfiguration;
			buildSettings = {
				ALWAYS_SEARCH_USER_PATHS = NO;
				CLANG_ANALYZER_NONNULL = YES;
				CLANG_ANALYZER_NUMBER_OBJECT_CONVERSION = YES_AGGRESSIVE;
				CLANG_CXX_LANGUAGE_STANDARD = "gnu++17";
				CLANG_ENABLE_MODULES = YES;
				CLANG_ENABLE_OBJC_ARC = YES;
				CLANG_ENABLE_OBJC_WEAK = YES;
				CLANG_WARN_BLOCK_CAPTURE_AUTORELEASING = YES;
				CLANG_WARN_BOOL_CONVERSION = YES;
				CLANG_WARN_COMMA = YES;
				CLANG_WARN_CONSTANT_CONVERSION = YES;
				CLANG_WARN_DEPRECATED_OBJC_IMPLEMENTATIONS = YES;
				CLANG_WARN_DIRECT_OBJC_ISA_USAGE = YES_ERROR;
				CLANG_WARN_DOCUMENTATION_COMMENTS = YES;
				CLANG_WARN_EMPTY_BODY = YES;
				CLANG_WARN_ENUM_CONVERSION = YES;
				CLANG_WARN_INFINITE_RECURSION = YES;
				CLANG_WARN_INT_CONVERSION = YES;
				CLANG_WARN_NON_LITERAL_NULL_CONVERSION = YES;
				CLANG_WARN_OBJC_IMPLICIT_RETAIN_SELF = YES;
				CLANG_WARN_OBJC_LITERAL_CONVERSION = YES;
				CLANG_WARN_OBJC_ROOT_CLASS = YES_ERROR;
				CLANG_WARN_QUOTED_INCLUDE_IN_FRAMEWORK_HEADER = YES;
				CLANG_WARN_RANGE_LOOP_ANALYSIS = YES;
				CLANG_WARN_STRICT_PROTOTYPES = YES;
				CLANG_WARN_SUSPICIOUS_MOVE = YES;
				CLANG_WARN_UNGUARDED_AVAILABILITY = YES_AGGRESSIVE;
				CLANG_WARN_UNREACHABLE_CODE = YES;
				CLANG_WARN__DUPLICATE_METHOD_MATCH = YES;
				COPY_PHASE_STRIP = NO;
				DEBUG_INFORMATION_FORMAT = dwarf;
				ENABLE_STRICT_OBJC_MSGSEND = YES;
				ENABLE_TESTABILITY = YES;
				GCC_C_LANGUAGE_STANDARD = gnu11;
				GCC_DYNAMIC_NO_PIC = NO;
				GCC_NO_COMMON_BLOCKS = YES;
				GCC_OPTIMIZATION_LEVEL = 0;
				GCC_PREPROCESSOR_DEFINITIONS = (
					"DEBUG=1",
					"$(inherited)",
				);
				GCC_WARN_64_TO_32_BIT_CONVERSION = YES;
				GCC_WARN_ABOUT_RETURN_TYPE = YES_ERROR;
				GCC_WARN_UNDECLARED_SELECTOR = YES;
				GCC_WARN_UNINITIALIZED_AUTOS = YES_AGGRESSIVE;
				GCC_WARN_UNUSED_FUNCTION = YES;
				GCC_WARN_UNUSED_VARIABLE = YES;
				IPHONEOS_DEPLOYMENT_TARGET = 15.5;
				MTL_ENABLE_DEBUG_INFO = INCLUDE_SOURCE;
				MTL_FAST_MATH = YES;
				ONLY_ACTIVE_ARCH = YES;
				SDKROOT = iphoneos;
				SWIFT_ACTIVE_COMPILATION_CONDITIONS = DEBUG;
				SWIFT_OPTIMIZATION_LEVEL = "-Onone";
			};
			name = Debug;
		};
		8C43A5DA28CC61AD00B41E42 /* Release */ = {
			isa = XCBuildConfiguration;
			buildSettings = {
				ALWAYS_SEARCH_USER_PATHS = NO;
				CLANG_ANALYZER_NONNULL = YES;
				CLANG_ANALYZER_NUMBER_OBJECT_CONVERSION = YES_AGGRESSIVE;
				CLANG_CXX_LANGUAGE_STANDARD = "gnu++17";
				CLANG_ENABLE_MODULES = YES;
				CLANG_ENABLE_OBJC_ARC = YES;
				CLANG_ENABLE_OBJC_WEAK = YES;
				CLANG_WARN_BLOCK_CAPTURE_AUTORELEASING = YES;
				CLANG_WARN_BOOL_CONVERSION = YES;
				CLANG_WARN_COMMA = YES;
				CLANG_WARN_CONSTANT_CONVERSION = YES;
				CLANG_WARN_DEPRECATED_OBJC_IMPLEMENTATIONS = YES;
				CLANG_WARN_DIRECT_OBJC_ISA_USAGE = YES_ERROR;
				CLANG_WARN_DOCUMENTATION_COMMENTS = YES;
				CLANG_WARN_EMPTY_BODY = YES;
				CLANG_WARN_ENUM_CONVERSION = YES;
				CLANG_WARN_INFINITE_RECURSION = YES;
				CLANG_WARN_INT_CONVERSION = YES;
				CLANG_WARN_NON_LITERAL_NULL_CONVERSION = YES;
				CLANG_WARN_OBJC_IMPLICIT_RETAIN_SELF = YES;
				CLANG_WARN_OBJC_LITERAL_CONVERSION = YES;
				CLANG_WARN_OBJC_ROOT_CLASS = YES_ERROR;
				CLANG_WARN_QUOTED_INCLUDE_IN_FRAMEWORK_HEADER = YES;
				CLANG_WARN_RANGE_LOOP_ANALYSIS = YES;
				CLANG_WARN_STRICT_PROTOTYPES = YES;
				CLANG_WARN_SUSPICIOUS_MOVE = YES;
				CLANG_WARN_UNGUARDED_AVAILABILITY = YES_AGGRESSIVE;
				CLANG_WARN_UNREACHABLE_CODE = YES;
				CLANG_WARN__DUPLICATE_METHOD_MATCH = YES;
				COPY_PHASE_STRIP = NO;
				DEBUG_INFORMATION_FORMAT = "dwarf-with-dsym";
				ENABLE_NS_ASSERTIONS = NO;
				ENABLE_STRICT_OBJC_MSGSEND = YES;
				GCC_C_LANGUAGE_STANDARD = gnu11;
				GCC_NO_COMMON_BLOCKS = YES;
				GCC_WARN_64_TO_32_BIT_CONVERSION = YES;
				GCC_WARN_ABOUT_RETURN_TYPE = YES_ERROR;
				GCC_WARN_UNDECLARED_SELECTOR = YES;
				GCC_WARN_UNINITIALIZED_AUTOS = YES_AGGRESSIVE;
				GCC_WARN_UNUSED_FUNCTION = YES;
				GCC_WARN_UNUSED_VARIABLE = YES;
				IPHONEOS_DEPLOYMENT_TARGET = 15.5;
				MTL_ENABLE_DEBUG_INFO = NO;
				MTL_FAST_MATH = YES;
				SDKROOT = iphoneos;
				SWIFT_COMPILATION_MODE = wholemodule;
				SWIFT_OPTIMIZATION_LEVEL = "-O";
				VALIDATE_PRODUCT = YES;
			};
			name = Release;
		};
		8C43A5DC28CC61AD00B41E42 /* Debug */ = {
			isa = XCBuildConfiguration;
			buildSettings = {
				ASSETCATALOG_COMPILER_APPICON_NAME = AppIcon;
				ASSETCATALOG_COMPILER_GLOBAL_ACCENT_COLOR_NAME = AccentColor;
				CODE_SIGN_STYLE = Automatic;
				CURRENT_PROJECT_VERSION = 1;
				DEVELOPMENT_TEAM = CRPB5AHSY2;
				GENERATE_INFOPLIST_FILE = YES;
				INFOPLIST_FILE = SQLiteExamplee/Info.plist;
				INFOPLIST_KEY_UIApplicationSupportsIndirectInputEvents = YES;
				INFOPLIST_KEY_UILaunchStoryboardName = LaunchScreen;
				INFOPLIST_KEY_UIMainStoryboardFile = Main;
				INFOPLIST_KEY_UISupportedInterfaceOrientations_iPad = "UIInterfaceOrientationPortrait UIInterfaceOrientationPortraitUpsideDown UIInterfaceOrientationLandscapeLeft UIInterfaceOrientationLandscapeRight";
				INFOPLIST_KEY_UISupportedInterfaceOrientations_iPhone = "UIInterfaceOrientationPortrait UIInterfaceOrientationLandscapeLeft UIInterfaceOrientationLandscapeRight";
				LD_RUNPATH_SEARCH_PATHS = (
					"$(inherited)",
					"@executable_path/Frameworks",
				);
				MARKETING_VERSION = 1.0;
				PRODUCT_BUNDLE_IDENTIFIER = NateW.SQLiteExamplee;
				PRODUCT_NAME = "$(TARGET_NAME)";
				SWIFT_EMIT_LOC_STRINGS = YES;
				SWIFT_VERSION = 5.0;
				TARGETED_DEVICE_FAMILY = "1,2";
			};
			name = Debug;
		};
		8C43A5DD28CC61AD00B41E42 /* Release */ = {
			isa = XCBuildConfiguration;
			buildSettings = {
				ASSETCATALOG_COMPILER_APPICON_NAME = AppIcon;
				ASSETCATALOG_COMPILER_GLOBAL_ACCENT_COLOR_NAME = AccentColor;
				CODE_SIGN_STYLE = Automatic;
				CURRENT_PROJECT_VERSION = 1;
				DEVELOPMENT_TEAM = CRPB5AHSY2;
				GENERATE_INFOPLIST_FILE = YES;
				INFOPLIST_FILE = SQLiteExamplee/Info.plist;
				INFOPLIST_KEY_UIApplicationSupportsIndirectInputEvents = YES;
				INFOPLIST_KEY_UILaunchStoryboardName = LaunchScreen;
				INFOPLIST_KEY_UIMainStoryboardFile = Main;
				INFOPLIST_KEY_UISupportedInterfaceOrientations_iPad = "UIInterfaceOrientationPortrait UIInterfaceOrientationPortraitUpsideDown UIInterfaceOrientationLandscapeLeft UIInterfaceOrientationLandscapeRight";
				INFOPLIST_KEY_UISupportedInterfaceOrientations_iPhone = "UIInterfaceOrientationPortrait UIInterfaceOrientationLandscapeLeft UIInterfaceOrientationLandscapeRight";
				LD_RUNPATH_SEARCH_PATHS = (
					"$(inherited)",
					"@executable_path/Frameworks",
				);
				MARKETING_VERSION = 1.0;
				PRODUCT_BUNDLE_IDENTIFIER = NateW.SQLiteExamplee;
				PRODUCT_NAME = "$(TARGET_NAME)";
				SWIFT_EMIT_LOC_STRINGS = YES;
				SWIFT_VERSION = 5.0;
				TARGETED_DEVICE_FAMILY = "1,2";
			};
			name = Release;
		};
/* End XCBuildConfiguration section */

/* Begin XCConfigurationList section */
		8C43A5C228CC61AB00B41E42 /* Build configuration list for PBXProject "SQLiteExamplee" */ = {
			isa = XCConfigurationList;
			buildConfigurations = (
				8C43A5D928CC61AD00B41E42 /* Debug */,
				8C43A5DA28CC61AD00B41E42 /* Release */,
			);
			defaultConfigurationIsVisible = 0;
			defaultConfigurationName = Release;
		};
		8C43A5DB28CC61AD00B41E42 /* Build configuration list for PBXNativeTarget "SQLiteExamplee" */ = {
			isa = XCConfigurationList;
			buildConfigurations = (
				8C43A5DC28CC61AD00B41E42 /* Debug */,
				8C43A5DD28CC61AD00B41E42 /* Release */,
			);
			defaultConfigurationIsVisible = 0;
			defaultConfigurationName = Release;
		};
/* End XCConfigurationList section */

/* Begin XCRemoteSwiftPackageReference section */
		8C2DD20A28CC628100B90098 /* XCRemoteSwiftPackageReference "SQLite.swift" */ = {
			isa = XCRemoteSwiftPackageReference;
			repositoryURL = "https://github.com/stephencelis/SQLite.swift.git";
			requirement = {
				kind = upToNextMajorVersion;
				minimumVersion = 0.9.2;
			};
		};
/* End XCRemoteSwiftPackageReference section */

/* Begin XCSwiftPackageProductDependency section */
		8C2DD20B28CC628100B90098 /* SQLite */ = {
			isa = XCSwiftPackageProductDependency;
			package = 8C2DD20A28CC628100B90098 /* XCRemoteSwiftPackageReference "SQLite.swift" */;
			productName = SQLite;
		};
/* End XCSwiftPackageProductDependency section */
	};
	rootObject = 8C43A5BF28CC61AB00B41E42 /* Project object */;
}
